{
  "name": "redex-scripts",
  "version": "0.1.0",
  "lockfileVersion": 1,
  "requires": true,
  "dependencies": {
    "@glennsl/bs-json": {
      "version": "1.1.2",
      "resolved": "https://registry.npmjs.org/@glennsl/bs-json/-/bs-json-1.1.2.tgz",
      "integrity": "sha512-Rh57mGGYKr4+S8VLgd4eztbevIQo4VHNPLyry0l3jOuvEAQRJKRB81Mlaj8PP6T7X+Luj3t/7s1CLyNAEj+ogA==",
      "dev": true
    },
    "@glennsl/rebase": {
      "version": "0.2.0",
      "resolved": "https://registry.npmjs.org/@glennsl/rebase/-/rebase-0.2.0.tgz",
      "integrity": "sha1-3B2ZKW3X98R8kLWkUY3VmKcb7fo=",
      "dev": true
    },
    "agentkeepalive": {
      "version": "2.2.0",
      "resolved": "https://registry.npmjs.org/agentkeepalive/-/agentkeepalive-2.2.0.tgz",
      "integrity": "sha1-xdG9SxKQCPEWPyNvhuX66iAm4u8=",
      "dev": true
    },
    "algoliasearch": {
      "version": "3.24.11",
      "resolved": "https://registry.npmjs.org/algoliasearch/-/algoliasearch-3.24.11.tgz",
      "integrity": "sha512-YiB43qyiS7Fmv6YTwqaARzwIrfp3homMhewRCq+xDj0HBmVrLGan8bQwtJBj/9DZ0rA9OfeTCgXfw1tbpWvzZw==",
      "dev": true,
      "requires": {
        "agentkeepalive": "2.2.0",
        "debug": "2.6.9",
        "envify": "4.1.0",
        "es6-promise": "4.2.4",
        "events": "1.1.1",
        "foreach": "2.0.5",
        "global": "4.3.2",
        "inherits": "2.0.3",
        "isarray": "2.0.4",
        "load-script": "1.0.0",
        "object-keys": "1.0.11",
        "querystring-es3": "0.2.1",
        "reduce": "1.0.1",
        "semver": "5.5.0",
        "tunnel-agent": "0.6.0"
      }
    },
    "bs-fetch": {
      "version": "github:reasonml-community/bs-fetch#e4d3fb4751ace0f5d64713f9c947fe62790c67c8",
      "dev": true
    },
    "bs-platform": {
      "version": "2.2.1",
      "resolved": "https://registry.npmjs.org/bs-platform/-/bs-platform-2.2.1.tgz",
      "integrity": "sha1-4iuCFDpDoQYw17IECquHZIsSGQw=",
      "dev": true
    },
    "debug": {
      "version": "2.6.9",
      "resolved": "https://registry.npmjs.org/debug/-/debug-2.6.9.tgz",
      "integrity": "sha512-bC7ElrdJaJnPbAP+1EotYvqZsb3ecl5wi6Bfi6BJTUcNowp6cvspg0jXznRTKDjm/E7AdgFBVeAPVMNcKGsHMA==",
      "dev": true,
      "requires": {
        "ms": "2.0.0"
      }
    },
    "dom-walk": {
      "version": "0.1.1",
      "resolved": "https://registry.npmjs.org/dom-walk/-/dom-walk-0.1.1.tgz",
      "integrity": "sha1-ZyIm3HTI95mtNTB9+TaroRrNYBg=",
      "dev": true
    },
    "encoding": {
      "version": "0.1.12",
      "resolved": "https://registry.npmjs.org/encoding/-/encoding-0.1.12.tgz",
      "integrity": "sha1-U4tm8+5izRq1HsMjgp0flIDHS+s=",
      "dev": true,
      "requires": {
        "iconv-lite": "0.4.19"
      }
    },
    "envify": {
      "version": "4.1.0",
      "resolved": "https://registry.npmjs.org/envify/-/envify-4.1.0.tgz",
      "integrity": "sha512-IKRVVoAYr4pIx4yIWNsz9mOsboxlNXiu7TNBnem/K/uTHdkyzXWDzHCK7UTolqBbgaBz0tQHsD3YNls0uIIjiw==",
      "dev": true,
      "requires": {
        "esprima": "4.0.0",
        "through": "2.3.8"
      }
    },
    "es6-promise": {
      "version": "4.2.4",
      "resolved": "https://registry.npmjs.org/es6-promise/-/es6-promise-4.2.4.tgz",
      "integrity": "sha512-/NdNZVJg+uZgtm9eS3O6lrOLYmQag2DjdEXuPaHlZ6RuVqgqaVZfgYCepEIKsLqwdQArOPtC3XzRLqGGfT8KQQ==",
      "dev": true
    },
    "esprima": {
      "version": "4.0.0",
      "resolved": "https://registry.npmjs.org/esprima/-/esprima-4.0.0.tgz",
      "integrity": "sha512-oftTcaMu/EGrEIu904mWteKIv8vMuOgGYo7EhVJJN00R/EED9DCua/xxHRdYnKtcECzVg7xOWhflvJMnqcFZjw==",
      "dev": true
    },
    "events": {
      "version": "1.1.1",
      "resolved": "https://registry.npmjs.org/events/-/events-1.1.1.tgz",
      "integrity": "sha1-nr23Y1rQmccNzEwqH1AEKI6L2SQ=",
      "dev": true
    },
    "foreach": {
      "version": "2.0.5",
      "resolved": "https://registry.npmjs.org/foreach/-/foreach-2.0.5.tgz",
      "integrity": "sha1-C+4AUBiusmDQo6865ljdATbsG5k=",
      "dev": true
    },
    "global": {
      "version": "4.3.2",
      "resolved": "https://registry.npmjs.org/global/-/global-4.3.2.tgz",
      "integrity": "sha1-52mJJopsdMOJCLEwWxD8DjlOnQ8=",
      "dev": true,
      "requires": {
        "min-document": "2.19.0",
        "process": "0.5.2"
      }
    },
    "iconv-lite": {
      "version": "0.4.19",
      "resolved": "https://registry.npmjs.org/iconv-lite/-/iconv-lite-0.4.19.tgz",
      "integrity": "sha1-90aPYBNfXl2tM5nAqBvpoWA6CCs=",
      "dev": true
    },
    "inherits": {
      "version": "2.0.3",
      "resolved": "https://registry.npmjs.org/inherits/-/inherits-2.0.3.tgz",
      "integrity": "sha1-Yzwsg+PaQqUC9SRmAiSA9CCCYd4=",
      "dev": true
    },
    "is-stream": {
      "version": "1.1.0",
      "resolved": "https://registry.npmjs.org/is-stream/-/is-stream-1.1.0.tgz",
      "integrity": "sha1-EtSj3U5o4Lec6428hBc66A2RykQ=",
      "dev": true
    },
    "isarray": {
      "version": "2.0.4",
      "resolved": "https://registry.npmjs.org/isarray/-/isarray-2.0.4.tgz",
      "integrity": "sha512-GMxXOiUirWg1xTKRipM0Ek07rX+ubx4nNVElTJdNLYmNO/2YrDkgJGw9CljXn+r4EWiDQg/8lsRdHyg2PJuUaA==",
      "dev": true
    },
    "isomorphic-fetch": {
      "version": "2.2.1",
      "resolved": "https://registry.npmjs.org/isomorphic-fetch/-/isomorphic-fetch-2.2.1.tgz",
      "integrity": "sha1-YRrhrPFPXoH3KVB0coGf6XM1WKk=",
      "dev": true,
      "requires": {
        "node-fetch": "1.7.3",
        "whatwg-fetch": "2.0.3"
      }
    },
    "load-script": {
      "version": "1.0.0",
      "resolved": "https://registry.npmjs.org/load-script/-/load-script-1.0.0.tgz",
      "integrity": "sha1-BJGTngvuVkPuSUp+PaPSuscMbKQ=",
      "dev": true
    },
    "min-document": {
      "version": "2.19.0",
      "resolved": "https://registry.npmjs.org/min-document/-/min-document-2.19.0.tgz",
      "integrity": "sha1-e9KC4/WELtKVu3SM3Z8f+iyCRoU=",
      "dev": true,
      "requires": {
        "dom-walk": "0.1.1"
      }
    },
    "ms": {
      "version": "2.0.0",
      "resolved": "https://registry.npmjs.org/ms/-/ms-2.0.0.tgz",
      "integrity": "sha1-VgiurfwAvmwpAd9fmGF4jeDVl8g=",
      "dev": true
    },
    "node-fetch": {
      "version": "1.7.3",
      "resolved": "https://registry.npmjs.org/node-fetch/-/node-fetch-1.7.3.tgz",
      "integrity": "sha1-mA9vcthSEaU0fGsrwYxbhMPrR+8=",
      "dev": true,
      "requires": {
        "encoding": "0.1.12",
        "is-stream": "1.1.0"
      }
    },
    "object-keys": {
      "version": "1.0.11",
      "resolved": "https://registry.npmjs.org/object-keys/-/object-keys-1.0.11.tgz",
      "integrity": "sha1-xUYBd4rVYPEULODgG8yotW0TQm0=",
      "dev": true
    },
    "process": {
      "version": "0.5.2",
      "resolved": "https://registry.npmjs.org/process/-/process-0.5.2.tgz",
      "integrity": "sha1-FjjYqONML0QKkduVq5rrZ3/Bhc8=",
      "dev": true
    },
    "querystring-es3": {
      "version": "0.2.1",
      "resolved": "https://registry.npmjs.org/querystring-es3/-/querystring-es3-0.2.1.tgz",
      "integrity": "sha1-nsYfeQSYdXB9aUFFlv2Qek1xHnM=",
      "dev": true
    },
    "reduce": {
      "version": "1.0.1",
      "resolved": "https://registry.npmjs.org/reduce/-/reduce-1.0.1.tgz",
      "integrity": "sha1-FPouX/H8VgcDoCDLtfuqtpFWWAQ=",
      "dev": true,
      "requires": {
        "object-keys": "1.0.11"
      }
    },
    "refetch": {
      "version": "github:glennsl/refetch#c33aadd461bf32a520c282d3444f2602affe4401",
      "dev": true,
      "requires": {
        "@glennsl/rebase": "0.2.0",
        "bs-fetch": "github:reasonml-community/bs-fetch#e4d3fb4751ace0f5d64713f9c947fe62790c67c8"
      }
    },
    "rollup": {
      "version": "0.56.2",
      "resolved": "https://registry.npmjs.org/rollup/-/rollup-0.56.2.tgz",
      "integrity": "sha512-vZIn0P+xA1glmc4DwRsUC9ce6SSE5gZT2YKaRiSYHwJXHcRtXWHOvrY2NtUR8Gk+EoszyyoXMfw9OrYCCKCYCA==",
      "dev": true
    },
    "safe-buffer": {
      "version": "5.1.1",
      "resolved": "https://registry.npmjs.org/safe-buffer/-/safe-buffer-5.1.1.tgz",
      "integrity": "sha512-kKvNJn6Mm93gAczWVJg7wH+wGYWNrDHdWvpUmHyEsgCtIwwo3bqPtV4tR5tuPaUhTOo/kvhVwd8XwwOllGYkbg==",
      "dev": true
    },
    "semver": {
      "version": "5.5.0",
      "resolved": "https://registry.npmjs.org/semver/-/semver-5.5.0.tgz",
      "integrity": "sha512-4SJ3dm0WAwWy/NVeioZh5AntkdJoWKxHxcmyP622fOkgHa4z3R0TdBJICINyaSDE6uNwVc8gZr+ZinwZAH4xIA==",
      "dev": true
    },
    "through": {
      "version": "2.3.8",
      "resolved": "https://registry.npmjs.org/through/-/through-2.3.8.tgz",
      "integrity": "sha1-DdTJ/6q8NXlgsbckEV1+Doai4fU=",
      "dev": true
    },
    "tunnel-agent": {
      "version": "0.6.0",
      "resolved": "https://registry.npmjs.org/tunnel-agent/-/tunnel-agent-0.6.0.tgz",
      "integrity": "sha1-J6XeoGs2sEoKmWZ3SykIaPD8QP0=",
      "dev": true,
      "requires": {
        "safe-buffer": "5.1.1"
      }
    },
    "whatwg-fetch": {
      "version": "2.0.3",
      "resolved": "https://registry.npmjs.org/whatwg-fetch/-/whatwg-fetch-2.0.3.tgz",
      "integrity": "sha1-nITsLc9oGH/wC8ZOEnS0QhduHIQ=",
      "dev": true
    }
  }
}
